
Microsoft Visual Studio Solution File, Format Version 12.00
# Visual Studio Version 16
VisualStudioVersion = 16.0.31205.134
MinimumVisualStudioVersion = 10.0.40219.1
Project("{9A19103F-16F7-4668-BE54-9A1E7A4F7556}") = "SwitchableProxy", "SwitchableProxy\SwitchableProxy.csproj", "{86B93AFA-6F38-4571-A66E-3DF19BC82293}"
EndProject
Project("{FAE04EC0-301F-11D3-BF4B-00C04F79EFBC}") = "SwitchableProxy.Tests.Unit", "SwitchableProxy.Tests.Unit\SwitchableProxy.Tests.Unit.csproj", "{E59B906A-B130-4E2F-A4DE-6D7B7E4CFE03}"
EndProject
Global
	GlobalSection(SolutionConfigurationPlatforms) = preSolution
		Debug|Any CPU = Debug|Any CPU
		Release|Any CPU = Release|Any CPU
	EndGlobalSection
	GlobalSection(ProjectConfigurationPlatforms) = postSolution
		{86B93AFA-6F38-4571-A66E-3DF19BC82293}.Debug|Any CPU.ActiveCfg = Debug|Any CPU
		{86B93AFA-6F38-4571-A66E-3DF19BC82293}.Debug|Any CPU.Build.0 = Debug|Any CPU
		{86B93AFA-6F38-4571-A66E-3DF19BC82293}.Release|Any CPU.ActiveCfg = Release|Any CPU
		{86B93AFA-6F38-4571-A66E-3DF19BC82293}.Release|Any CPU.Build.0 = Release|Any CPU
		{E59B906A-B130-4E2F-A4DE-6D7B7E4CFE03}.Debug|Any CPU.ActiveCfg = Debug|Any CPU
		{E59B906A-B130-4E2F-A4DE-6D7B7E4CFE03}.Debug|Any CPU.Build.0 = Debug|Any CPU
		{E59B906A-B130-4E2F-A4DE-6D7B7E4CFE03}.Release|Any CPU.ActiveCfg = Release|Any CPU
		{E59B906A-B130-4E2F-A4DE-6D7B7E4CFE03}.Release|Any CPU.Build.0 = Release|Any CPU
	EndGlobalSection
	GlobalSection(SolutionProperties) = preSolution
		HideSolutionNode = FALSE
	EndGlobalSection
	GlobalSection(ExtensibilityGlobals) = postSolution
		SolutionGuid = {D0B0AC4A-014B-4303-9D4B-BE9C2EBF722A}
	EndGlobalSection
EndGlobal
